
Microsoft Visual Studio Solution File, Format Version 11.00
# Visual Studio 2010
Project("{FAE04EC0-301F-11D3-BF4B-00C04F79EFBC}") = "VRFM2", "Assembly-CSharp.csproj", "{28A1D794-5736-0099-6235-7B1C527D7040}"
EndProject
Project("{FAE04EC0-301F-11D3-BF4B-00C04F79EFBC}") = "VRFM2", "Assembly-CSharp-firstpass.csproj", "{03BE4356-A81E-D9DC-95CC-B5624061C305}"
EndProject
Project("{FAE04EC0-301F-11D3-BF4B-00C04F79EFBC}") = "VRFM2", "Assembly-CSharp-Editor-firstpass.csproj", "{47536ACB-2202-72B6-9F77-DEB39BB180F5}"
EndProject
Global
	GlobalSection(SolutionConfigurationPlatforms) = preSolution
		Debug|Any CPU = Debug|Any CPU
		Release|Any CPU = Release|Any CPU
	EndGlobalSection
	GlobalSection(ProjectConfigurationPlatforms) = postSolution
		{28A1D794-5736-0099-6235-7B1C527D7040}.Debug|Any CPU.ActiveCfg = Debug|Any CPU
		{28A1D794-5736-0099-6235-7B1C527D7040}.Debug|Any CPU.Build.0 = Debug|Any CPU
		{28A1D794-5736-0099-6235-7B1C527D7040}.Release|Any CPU.ActiveCfg = Release|Any CPU
		{28A1D794-5736-0099-6235-7B1C527D7040}.Release|Any CPU.Build.0 = Release|Any CPU
		{03BE4356-A81E-D9DC-95CC-B5624061C305}.Debug|Any CPU.ActiveCfg = Debug|Any CPU
		{03BE4356-A81E-D9DC-95CC-B5624061C305}.Debug|Any CPU.Build.0 = Debug|Any CPU
		{03BE4356-A81E-D9DC-95CC-B5624061C305}.Release|Any CPU.ActiveCfg = Release|Any CPU
		{03BE4356-A81E-D9DC-95CC-B5624061C305}.Release|Any CPU.Build.0 = Release|Any CPU
		{47536ACB-2202-72B6-9F77-DEB39BB180F5}.Debug|Any CPU.ActiveCfg = Debug|Any CPU
		{47536ACB-2202-72B6-9F77-DEB39BB180F5}.Debug|Any CPU.Build.0 = Debug|Any CPU
		{47536ACB-2202-72B6-9F77-DEB39BB180F5}.Release|Any CPU.ActiveCfg = Release|Any CPU
		{47536ACB-2202-72B6-9F77-DEB39BB180F5}.Release|Any CPU.Build.0 = Release|Any CPU
	EndGlobalSection
	GlobalSection(SolutionProperties) = preSolution
		HideSolutionNode = FALSE
	EndGlobalSection
	GlobalSection(MonoDevelopProperties) = preSolution
		StartupItem = Assembly-CSharp.csproj
	EndGlobalSection
EndGlobal
